github.com/aliyun/aliyun-oss-go-sdk v2.0.3+incompatible h1:724q2AmQ3m1mrdD9kYqK5+1+Zr77vS21jdQ9iF9t4b8=
github.com/aliyun/aliyun-oss-go-sdk v2.0.3+incompatible/go.mod h1:T/Aws4fEfogEE9v+HPhhw+CntffsBHJ8nXQCwKr0/g8=
golang.org/x/time v0.0.0-20190921001708-c4c64cad1fd0 h1:xQwXv67TxFo9nC1GJFyab5eq/5B590r6RlnL/G8Sz7w=
golang.org/x/time v0.0.0-20190921001708-c4c64cad1fd0/go.mod h1:tRJNPiyCQ0inRvYxbN9jk5I+vvW/OXSQhTDSoE431IQ=
